
Microsoft Visual Studio Solution File, Format Version 12.00
Project("{FAE04EC0-301F-11D3-BF4B-00C04F79EFBC}") = "lesson58", "lesson58\lesson58.csproj", "{62588DA0-CDB2-486B-A9CE-81290DD5DFC1}"
EndProject
Global
	GlobalSection(SolutionConfigurationPlatforms) = preSolution
		Debug|Any CPU = Debug|Any CPU
		Release|Any CPU = Release|Any CPU
	EndGlobalSection
	GlobalSection(ProjectConfigurationPlatforms) = postSolution
		{62588DA0-CDB2-486B-A9CE-81290DD5DFC1}.Debug|Any CPU.ActiveCfg = Debug|Any CPU
		{62588DA0-CDB2-486B-A9CE-81290DD5DFC1}.Debug|Any CPU.Build.0 = Debug|Any CPU
		{62588DA0-CDB2-486B-A9CE-81290DD5DFC1}.Release|Any CPU.ActiveCfg = Release|Any CPU
		{62588DA0-CDB2-486B-A9CE-81290DD5DFC1}.Release|Any CPU.Build.0 = Release|Any CPU
	EndGlobalSection
EndGlobal
